
Microsoft Visual Studio Solution File, Format Version 12.00
# Visual Studio Version 16
VisualStudioVersion = 16.0.29613.14
MinimumVisualStudioVersion = 10.0.40219.1
Project("{FAE04EC0-301F-11D3-BF4B-00C04F79EFBC}") = "BGDispatch", "BGDispatch\BGDispatch.csproj", "{4A56CD9D-8589-467B-83CC-C71CDA64448F}"
EndProject
Global
	GlobalSection(SolutionConfigurationPlatforms) = preSolution
		Debug|Any CPU = Debug|Any CPU
		Release|Any CPU = Release|Any CPU
	EndGlobalSection
	GlobalSection(ProjectConfigurationPlatforms) = postSolution
		{4A56CD9D-8589-467B-83CC-C71CDA64448F}.Debug|Any CPU.ActiveCfg = Debug|Any CPU
		{4A56CD9D-8589-467B-83CC-C71CDA64448F}.Debug|Any CPU.Build.0 = Debug|Any CPU
		{4A56CD9D-8589-467B-83CC-C71CDA64448F}.Release|Any CPU.ActiveCfg = Release|Any CPU
		{4A56CD9D-8589-467B-83CC-C71CDA64448F}.Release|Any CPU.Build.0 = Release|Any CPU
	EndGlobalSection
	GlobalSection(SolutionProperties) = preSolution
		HideSolutionNode = FALSE
	EndGlobalSection
	GlobalSection(ExtensibilityGlobals) = postSolution
		SolutionGuid = {DB0AAC4B-3B3D-4304-BFDD-23153A2712AA}
	EndGlobalSection
EndGlobal
